
Microsoft Visual Studio Solution File, Format Version 12.00
# Visual Studio Version 17
VisualStudioVersion = 17.7.34202.233
MinimumVisualStudioVersion = 10.0.40219.1
Project("{9A19103F-16F7-4668-BE54-9A1E7A4F7556}") = "BusinessLayer", "BusinessLayer\BusinessLayer.csproj", "{36C04E31-2826-484D-9503-6CEF3311A15A}"
EndProject
Project("{9A19103F-16F7-4668-BE54-9A1E7A4F7556}") = "DataLayer", "DataLayer\DataLayer.csproj", "{F381D9AB-059E-4B89-A232-4B67CF64106F}"
EndProject
Project("{9A19103F-16F7-4668-BE54-9A1E7A4F7556}") = "ServiceLayer", "ServiceLayer\ServiceLayer.csproj", "{A4C7344C-18F1-452F-8308-03B5D6BC6F63}"
EndProject
Project("{9A19103F-16F7-4668-BE54-9A1E7A4F7556}") = "TestingLayer", "TestingLayer\TestingLayer.csproj", "{615E225A-C4A4-4D89-B63D-D50D8E05152A}"
EndProject
Project("{9A19103F-16F7-4668-BE54-9A1E7A4F7556}") = "PresentationLayer", "PresentationLayer\PresentationLayer.csproj", "{52ABD71E-30E5-49AD-AD0C-889173742569}"
EndProject
Project("{9A19103F-16F7-4668-BE54-9A1E7A4F7556}") = "BlazorLayer", "BlazorLayer\BlazorLayer.csproj", "{F05D0AD8-FA1D-4E50-90A9-32B155866339}"
EndProject
Project("{FAE04EC0-301F-11D3-BF4B-00C04F79EFBC}") = "BlazorApp", "BlazorApp\BlazorApp.csproj", "{68CCFB92-3505-4871-B962-36EBCDB882AD}"
EndProject
Global
	GlobalSection(SolutionConfigurationPlatforms) = preSolution
		Debug|Any CPU = Debug|Any CPU
		Release|Any CPU = Release|Any CPU
	EndGlobalSection
	GlobalSection(ProjectConfigurationPlatforms) = postSolution
		{36C04E31-2826-484D-9503-6CEF3311A15A}.Debug|Any CPU.ActiveCfg = Debug|Any CPU
		{36C04E31-2826-484D-9503-6CEF3311A15A}.Debug|Any CPU.Build.0 = Debug|Any CPU
		{36C04E31-2826-484D-9503-6CEF3311A15A}.Release|Any CPU.ActiveCfg = Release|Any CPU
		{36C04E31-2826-484D-9503-6CEF3311A15A}.Release|Any CPU.Build.0 = Release|Any CPU
		{F381D9AB-059E-4B89-A232-4B67CF64106F}.Debug|Any CPU.ActiveCfg = Debug|Any CPU
		{F381D9AB-059E-4B89-A232-4B67CF64106F}.Debug|Any CPU.Build.0 = Debug|Any CPU
		{F381D9AB-059E-4B89-A232-4B67CF64106F}.Release|Any CPU.ActiveCfg = Release|Any CPU
		{F381D9AB-059E-4B89-A232-4B67CF64106F}.Release|Any CPU.Build.0 = Release|Any CPU
		{A4C7344C-18F1-452F-8308-03B5D6BC6F63}.Debug|Any CPU.ActiveCfg = Debug|Any CPU
		{A4C7344C-18F1-452F-8308-03B5D6BC6F63}.Debug|Any CPU.Build.0 = Debug|Any CPU
		{A4C7344C-18F1-452F-8308-03B5D6BC6F63}.Release|Any CPU.ActiveCfg = Release|Any CPU
		{A4C7344C-18F1-452F-8308-03B5D6BC6F63}.Release|Any CPU.Build.0 = Release|Any CPU
		{615E225A-C4A4-4D89-B63D-D50D8E05152A}.Debug|Any CPU.ActiveCfg = Debug|Any CPU
		{615E225A-C4A4-4D89-B63D-D50D8E05152A}.Debug|Any CPU.Build.0 = Debug|Any CPU
		{615E225A-C4A4-4D89-B63D-D50D8E05152A}.Release|Any CPU.ActiveCfg = Release|Any CPU
		{615E225A-C4A4-4D89-B63D-D50D8E05152A}.Release|Any CPU.Build.0 = Release|Any CPU
		{52ABD71E-30E5-49AD-AD0C-889173742569}.Debug|Any CPU.ActiveCfg = Debug|Any CPU
		{52ABD71E-30E5-49AD-AD0C-889173742569}.Debug|Any CPU.Build.0 = Debug|Any CPU
		{52ABD71E-30E5-49AD-AD0C-889173742569}.Release|Any CPU.ActiveCfg = Release|Any CPU
		{52ABD71E-30E5-49AD-AD0C-889173742569}.Release|Any CPU.Build.0 = Release|Any CPU
		{F05D0AD8-FA1D-4E50-90A9-32B155866339}.Debug|Any CPU.ActiveCfg = Debug|Any CPU
		{F05D0AD8-FA1D-4E50-90A9-32B155866339}.Debug|Any CPU.Build.0 = Debug|Any CPU
		{F05D0AD8-FA1D-4E50-90A9-32B155866339}.Release|Any CPU.ActiveCfg = Release|Any CPU
		{F05D0AD8-FA1D-4E50-90A9-32B155866339}.Release|Any CPU.Build.0 = Release|Any CPU
		{68CCFB92-3505-4871-B962-36EBCDB882AD}.Debug|Any CPU.ActiveCfg = Debug|Any CPU
		{68CCFB92-3505-4871-B962-36EBCDB882AD}.Debug|Any CPU.Build.0 = Debug|Any CPU
		{68CCFB92-3505-4871-B962-36EBCDB882AD}.Release|Any CPU.ActiveCfg = Release|Any CPU
		{68CCFB92-3505-4871-B962-36EBCDB882AD}.Release|Any CPU.Build.0 = Release|Any CPU
	EndGlobalSection
	GlobalSection(SolutionProperties) = preSolution
		HideSolutionNode = FALSE
	EndGlobalSection
	GlobalSection(ExtensibilityGlobals) = postSolution
		SolutionGuid = {D249A33E-339C-41E1-B4A4-AF42F6101F93}
	EndGlobalSection
EndGlobal
